{
  "name": "vue-jsx-classname-to-class",
  "version": "1.0.0",
  "lockfileVersion": 1,
  "requires": true,
  "dependencies": {
    "@babel/helper-plugin-utils": {
      "version": "7.10.4",
      "resolved": "http://npm.fed.ajin.me:4873/@babel%2fhelper-plugin-utils/-/helper-plugin-utils-7.10.4.tgz",
      "integrity": "sha1-L3WoMSadT2d95JmG3/WZJ1M883U="
    },
    "@babel/plugin-syntax-jsx": {
      "version": "7.10.4",
      "resolved": "http://npm.fed.ajin.me:4873/@babel%2fplugin-syntax-jsx/-/plugin-syntax-jsx-7.10.4.tgz",
      "integrity": "sha1-Oauq48v3EMQ3PYQpSE5rohNAFmw=",
      "requires": {
        "@babel/helper-plugin-utils": "7.10.4"
      }
    }
  }
}
